// !$*UTF8*$!
{
	archiveVersion = 1;
	classes = {
	};
	objectVersion = 51;
	objects = {

/* Begin PBXBuildFile section */
		92286BDE4DD00B1645C433B3 /* Pods_MagicalRecordDemoTests.framework in Frameworks */ = {isa = PBXBuildFile; fileRef = 1035494F9B5C76CDB1276D68 /* Pods_MagicalRecordDemoTests.framework */; };
		A4E1CBD1C150CD0B84B4D25B /* Pods_MagicalRecordDemo_MagicalRecordDemoUITests.framework in Frameworks */ = {isa = PBXBuildFile; fileRef = 259495A98568788C9F1FF035 /* Pods_MagicalRecordDemo_MagicalRecordDemoUITests.framework */; };
		ABC7AB0EE02B83FA0E2C663D /* Pods_MagicalRecordDemo.framework in Frameworks */ = {isa = PBXBuildFile; fileRef = 9E135C9955603E61E835FF52 /* Pods_MagicalRecordDemo.framework */; };
		B05C776125FB1DCD00587FC3 /* BaseViewController.swift in Sources */ = {isa = PBXBuildFile; fileRef = B05C776025FB1DCD00587FC3 /* BaseViewController.swift */; };
		B05C77B725FB3A3700587FC3 /* MainViewController.swift in Sources */ = {isa = PBXBuildFile; fileRef = B05C77B625FB3A3700587FC3 /* MainViewController.swift */; };
		B05C794125FB63FC00587FC3 /* DBHelper.swift in Sources */ = {isa = PBXBuildFile; fileRef = B05C794025FB63FC00587FC3 /* DBHelper.swift */; };
		B05C794E25FB6B8600587FC3 /* User.swift in Sources */ = {isa = PBXBuildFile; fileRef = B05C794D25FB6B8600587FC3 /* User.swift */; };
		B0F7095A25F9BFE700E10AE0 /* AppDelegate.swift in Sources */ = {isa = PBXBuildFile; fileRef = B0F7095925F9BFE700E10AE0 /* AppDelegate.swift */; };
		B0F7095C25F9BFE700E10AE0 /* SceneDelegate.swift in Sources */ = {isa = PBXBuildFile; fileRef = B0F7095B25F9BFE700E10AE0 /* SceneDelegate.swift */; };
		B0F7096125F9BFE700E10AE0 /* Main.storyboard in Resources */ = {isa = PBXBuildFile; fileRef = B0F7095F25F9BFE700E10AE0 /* Main.storyboard */; };
		B0F7096325F9BFEA00E10AE0 /* Assets.xcassets in Resources */ = {isa = PBXBuildFile; fileRef = B0F7096225F9BFEA00E10AE0 /* Assets.xcassets */; };
		B0F7096625F9BFEA00E10AE0 /* LaunchScreen.storyboard in Resources */ = {isa = PBXBuildFile; fileRef = B0F7096425F9BFEA00E10AE0 /* LaunchScreen.storyboard */; };
		B0F7097125F9BFEB00E10AE0 /* MagicalRecordDemoTests.swift in Sources */ = {isa = PBXBuildFile; fileRef = B0F7097025F9BFEB00E10AE0 /* MagicalRecordDemoTests.swift */; };
		B0F7097C25F9BFEB00E10AE0 /* MagicalRecordDemoUITests.swift in Sources */ = {isa = PBXBuildFile; fileRef = B0F7097B25F9BFEB00E10AE0 /* MagicalRecordDemoUITests.swift */; };
/* End PBXBuildFile section */

/* Begin PBXContainerItemProxy section */
		B0F7096D25F9BFEB00E10AE0 /* PBXContainerItemProxy */ = {
			isa = PBXContainerItemProxy;
			containerPortal = B0F7094E25F9BFE700E10AE0 /* Project object */;
			proxyType = 1;
			remoteGlobalIDString = B0F7095525F9BFE700E10AE0;
			remoteInfo = MagicalRecordDemo;
		};
		B0F7097825F9BFEB00E10AE0 /* PBXContainerItemProxy */ = {
			isa = PBXContainerItemProxy;
			containerPortal = B0F7094E25F9BFE700E10AE0 /* Project object */;
			proxyType = 1;
			remoteGlobalIDString = B0F7095525F9BFE700E10AE0;
			remoteInfo = MagicalRecordDemo;
		};
/* End PBXContainerItemProxy section */

/* Begin PBXFileReference section */
		0A8DAEBE6133FDC643859B14 /* Pods-MagicalRecordDemo.debug.xcconfig */ = {isa = PBXFileReference; includeInIndex = 1; lastKnownFileType = text.xcconfig; name = "Pods-MagicalRecordDemo.debug.xcconfig"; path = "Target Support Files/Pods-MagicalRecordDemo/Pods-MagicalRecordDemo.debug.xcconfig"; sourceTree = "<group>"; };
		1035494F9B5C76CDB1276D68 /* Pods_MagicalRecordDemoTests.framework */ = {isa = PBXFileReference; explicitFileType = wrapper.framework; includeInIndex = 0; path = Pods_MagicalRecordDemoTests.framework; sourceTree = BUILT_PRODUCTS_DIR; };
		14E650B9AE989511A25DB408 /* Pods-MagicalRecordDemoTests.debug.xcconfig */ = {isa = PBXFileReference; includeInIndex = 1; lastKnownFileType = text.xcconfig; name = "Pods-MagicalRecordDemoTests.debug.xcconfig"; path = "Target Support Files/Pods-MagicalRecordDemoTests/Pods-MagicalRecordDemoTests.debug.xcconfig"; sourceTree = "<group>"; };
		259495A98568788C9F1FF035 /* Pods_MagicalRecordDemo_MagicalRecordDemoUITests.framework */ = {isa = PBXFileReference; explicitFileType = wrapper.framework; includeInIndex = 0; path = Pods_MagicalRecordDemo_MagicalRecordDemoUITests.framework; sourceTree = BUILT_PRODUCTS_DIR; };
		3D7A6A543E1B70A0E8FE68B4 /* Pods-MagicalRecordDemoTests.release.xcconfig */ = {isa = PBXFileReference; includeInIndex = 1; lastKnownFileType = text.xcconfig; name = "Pods-MagicalRecordDemoTests.release.xcconfig"; path = "Target Support Files/Pods-MagicalRecordDemoTests/Pods-MagicalRecordDemoTests.release.xcconfig"; sourceTree = "<group>"; };
		5A84E7ACCE0A5022874F42D2 /* Pods-MagicalRecordDemo.release.xcconfig */ = {isa = PBXFileReference; includeInIndex = 1; lastKnownFileType = text.xcconfig; name = "Pods-MagicalRecordDemo.release.xcconfig"; path = "Target Support Files/Pods-MagicalRecordDemo/Pods-MagicalRecordDemo.release.xcconfig"; sourceTree = "<group>"; };
		897F78F0D6F0A5EF6847A14B /* Pods-MagicalRecordDemo-MagicalRecordDemoUITests.release.xcconfig */ = {isa = PBXFileReference; includeInIndex = 1; lastKnownFileType = text.xcconfig; name = "Pods-MagicalRecordDemo-MagicalRecordDemoUITests.release.xcconfig"; path = "Target Support Files/Pods-MagicalRecordDemo-MagicalRecordDemoUITests/Pods-MagicalRecordDemo-MagicalRecordDemoUITests.release.xcconfig"; sourceTree = "<group>"; };
		9E135C9955603E61E835FF52 /* Pods_MagicalRecordDemo.framework */ = {isa = PBXFileReference; explicitFileType = wrapper.framework; includeInIndex = 0; path = Pods_MagicalRecordDemo.framework; sourceTree = BUILT_PRODUCTS_DIR; };
		B05C776025FB1DCD00587FC3 /* BaseViewController.swift */ = {isa = PBXFileReference; lastKnownFileType = sourcecode.swift; path = BaseViewController.swift; sourceTree = "<group>"; };
		B05C77B625FB3A3700587FC3 /* MainViewController.swift */ = {isa = PBXFileReference; lastKnownFileType = sourcecode.swift; path = MainViewController.swift; sourceTree = "<group>"; };
		B05C77C425FB3BB400587FC3 /* SCiOSToolbox.framework */ = {isa = PBXFileReference; explicitFileType = wrapper.framework; path = SCiOSToolbox.framework; sourceTree = BUILT_PRODUCTS_DIR; };
		B05C785925FB3E7C00587FC3 /* MagicalRecordDemo-Bridging-Header.h */ = {isa = PBXFileReference; lastKnownFileType = sourcecode.c.h; path = "MagicalRecordDemo-Bridging-Header.h"; sourceTree = "<group>"; };
		B05C794025FB63FC00587FC3 /* DBHelper.swift */ = {isa = PBXFileReference; lastKnownFileType = sourcecode.swift; path = DBHelper.swift; sourceTree = "<group>"; };
		B05C794D25FB6B8600587FC3 /* User.swift */ = {isa = PBXFileReference; lastKnownFileType = sourcecode.swift; path = User.swift; sourceTree = "<group>"; };
		B0F7095625F9BFE700E10AE0 /* MagicalRecordDemo.app */ = {isa = PBXFileReference; explicitFileType = wrapper.application; includeInIndex = 0; path = MagicalRecordDemo.app; sourceTree = BUILT_PRODUCTS_DIR; };
		B0F7095925F9BFE700E10AE0 /* AppDelegate.swift */ = {isa = PBXFileReference; lastKnownFileType = sourcecode.swift; path = AppDelegate.swift; sourceTree = "<group>"; };
		B0F7095B25F9BFE700E10AE0 /* SceneDelegate.swift */ = {isa = PBXFileReference; lastKnownFileType = sourcecode.swift; path = SceneDelegate.swift; sourceTree = "<group>"; };
		B0F7096025F9BFE700E10AE0 /* Base */ = {isa = PBXFileReference; lastKnownFileType = file.storyboard; name = Base; path = Base.lproj/Main.storyboard; sourceTree = "<group>"; };
		B0F7096225F9BFEA00E10AE0 /* Assets.xcassets */ = {isa = PBXFileReference; lastKnownFileType = folder.assetcatalog; path = Assets.xcassets; sourceTree = "<group>"; };
		B0F7096525F9BFEA00E10AE0 /* Base */ = {isa = PBXFileReference; lastKnownFileType = file.storyboard; name = Base; path = Base.lproj/LaunchScreen.storyboard; sourceTree = "<group>"; };
		B0F7096725F9BFEA00E10AE0 /* Info.plist */ = {isa = PBXFileReference; lastKnownFileType = text.plist.xml; path = Info.plist; sourceTree = "<group>"; };
		B0F7096C25F9BFEB00E10AE0 /* MagicalRecordDemoTests.xctest */ = {isa = PBXFileReference; explicitFileType = wrapper.cfbundle; includeInIndex = 0; path = MagicalRecordDemoTests.xctest; sourceTree = BUILT_PRODUCTS_DIR; };
		B0F7097025F9BFEB00E10AE0 /* MagicalRecordDemoTests.swift */ = {isa = PBXFileReference; lastKnownFileType = sourcecode.swift; path = MagicalRecordDemoTests.swift; sourceTree = "<group>"; };
		B0F7097225F9BFEB00E10AE0 /* Info.plist */ = {isa = PBXFileReference; lastKnownFileType = text.plist.xml; path = Info.plist; sourceTree = "<group>"; };
		B0F7097725F9BFEB00E10AE0 /* MagicalRecordDemoUITests.xctest */ = {isa = PBXFileReference; explicitFileType = wrapper.cfbundle; includeInIndex = 0; path = MagicalRecordDemoUITests.xctest; sourceTree = BUILT_PRODUCTS_DIR; };
		B0F7097B25F9BFEB00E10AE0 /* MagicalRecordDemoUITests.swift */ = {isa = PBXFileReference; lastKnownFileType = sourcecode.swift; path = MagicalRecordDemoUITests.swift; sourceTree = "<group>"; };
		B0F7097D25F9BFEB00E10AE0 /* Info.plist */ = {isa = PBXFileReference; lastKnownFileType = text.plist.xml; path = Info.plist; sourceTree = "<group>"; };
		D87B0B3E9EE10ACA9331D3EE /* Pods-MagicalRecordDemo-MagicalRecordDemoUITests.debug.xcconfig */ = {isa = PBXFileReference; includeInIndex = 1; lastKnownFileType = text.xcconfig; name = "Pods-MagicalRecordDemo-MagicalRecordDemoUITests.debug.xcconfig"; path = "Target Support Files/Pods-MagicalRecordDemo-MagicalRecordDemoUITests/Pods-MagicalRecordDemo-MagicalRecordDemoUITests.debug.xcconfig"; sourceTree = "<group>"; };
/* End PBXFileReference section */

/* Begin PBXFrameworksBuildPhase section */
		B0F7095325F9BFE700E10AE0 /* Frameworks */ = {
			isa = PBXFrameworksBuildPhase;
			buildActionMask = 2147483647;
			files = (
				ABC7AB0EE02B83FA0E2C663D /* Pods_MagicalRecordDemo.framework in Frameworks */,
			);
			runOnlyForDeploymentPostprocessing = 0;
		};
		B0F7096925F9BFEB00E10AE0 /* Frameworks */ = {
			isa = PBXFrameworksBuildPhase;
			buildActionMask = 2147483647;
			files = (
				92286BDE4DD00B1645C433B3 /* Pods_MagicalRecordDemoTests.framework in Frameworks */,
			);
			runOnlyForDeploymentPostprocessing = 0;
		};
		B0F7097425F9BFEB00E10AE0 /* Frameworks */ = {
			isa = PBXFrameworksBuildPhase;
			buildActionMask = 2147483647;
			files = (
				A4E1CBD1C150CD0B84B4D25B /* Pods_MagicalRecordDemo_MagicalRecordDemoUITests.framework in Frameworks */,
			);
			runOnlyForDeploymentPostprocessing = 0;
		};
/* End PBXFrameworksBuildPhase section */

/* Begin PBXGroup section */
		9AA6F0431EC8282F0AC420AB /* Frameworks */ = {
			isa = PBXGroup;
			children = (
				B05C77C425FB3BB400587FC3 /* SCiOSToolbox.framework */,
				9E135C9955603E61E835FF52 /* Pods_MagicalRecordDemo.framework */,
				259495A98568788C9F1FF035 /* Pods_MagicalRecordDemo_MagicalRecordDemoUITests.framework */,
				1035494F9B5C76CDB1276D68 /* Pods_MagicalRecordDemoTests.framework */,
			);
			name = Frameworks;
			sourceTree = "<group>";
		};
		B05C776525FB1DD100587FC3 /* Base */ = {
			isa = PBXGroup;
			children = (
				B05C776025FB1DCD00587FC3 /* BaseViewController.swift */,
			);
			path = Base;
			sourceTree = "<group>";
		};
		B05C776625FB1DE300587FC3 /* Main */ = {
			isa = PBXGroup;
			children = (
				B05C77B625FB3A3700587FC3 /* MainViewController.swift */,
				B0F7095F25F9BFE700E10AE0 /* Main.storyboard */,
			);
			path = Main;
			sourceTree = "<group>";
		};
		B05C793F25FB63E500587FC3 /* Helper */ = {
			isa = PBXGroup;
			children = (
				B05C794025FB63FC00587FC3 /* DBHelper.swift */,
			);
			path = Helper;
			sourceTree = "<group>";
		};
		B05C794C25FB6B6B00587FC3 /* Model */ = {
			isa = PBXGroup;
			children = (
				B05C794D25FB6B8600587FC3 /* User.swift */,
			);
			path = Model;
			sourceTree = "<group>";
		};
		B0F7094D25F9BFE700E10AE0 = {
			isa = PBXGroup;
			children = (
				B0F7095825F9BFE700E10AE0 /* MagicalRecordDemo */,
				B0F7096F25F9BFEB00E10AE0 /* MagicalRecordDemoTests */,
				B0F7097A25F9BFEB00E10AE0 /* MagicalRecordDemoUITests */,
				B0F7095725F9BFE700E10AE0 /* Products */,
				B9B08A60D06922F17442A4F5 /* Pods */,
				9AA6F0431EC8282F0AC420AB /* Frameworks */,
			);
			sourceTree = "<group>";
		};
		B0F7095725F9BFE700E10AE0 /* Products */ = {
			isa = PBXGroup;
			children = (
				B0F7095625F9BFE700E10AE0 /* MagicalRecordDemo.app */,
				B0F7096C25F9BFEB00E10AE0 /* MagicalRecordDemoTests.xctest */,
				B0F7097725F9BFEB00E10AE0 /* MagicalRecordDemoUITests.xctest */,
			);
			name = Products;
			sourceTree = "<group>";
		};
		B0F7095825F9BFE700E10AE0 /* MagicalRecordDemo */ = {
			isa = PBXGroup;
			children = (
				B05C785925FB3E7C00587FC3 /* MagicalRecordDemo-Bridging-Header.h */,
				B0F7095925F9BFE700E10AE0 /* AppDelegate.swift */,
				B0F7095B25F9BFE700E10AE0 /* SceneDelegate.swift */,
				B05C776525FB1DD100587FC3 /* Base */,
				B05C776625FB1DE300587FC3 /* Main */,
				B05C794C25FB6B6B00587FC3 /* Model */,
				B05C793F25FB63E500587FC3 /* Helper */,
				B0F7096225F9BFEA00E10AE0 /* Assets.xcassets */,
				B0F7096425F9BFEA00E10AE0 /* LaunchScreen.storyboard */,
				B0F7096725F9BFEA00E10AE0 /* Info.plist */,
			);
			path = MagicalRecordDemo;
			sourceTree = "<group>";
		};
		B0F7096F25F9BFEB00E10AE0 /* MagicalRecordDemoTests */ = {
			isa = PBXGroup;
			children = (
				B0F7097025F9BFEB00E10AE0 /* MagicalRecordDemoTests.swift */,
				B0F7097225F9BFEB00E10AE0 /* Info.plist */,
			);
			path = MagicalRecordDemoTests;
			sourceTree = "<group>";
		};
		B0F7097A25F9BFEB00E10AE0 /* MagicalRecordDemoUITests */ = {
			isa = PBXGroup;
			children = (
				B0F7097B25F9BFEB00E10AE0 /* MagicalRecordDemoUITests.swift */,
				B0F7097D25F9BFEB00E10AE0 /* Info.plist */,
			);
			path = MagicalRecordDemoUITests;
			sourceTree = "<group>";
		};
		B9B08A60D06922F17442A4F5 /* Pods */ = {
			isa = PBXGroup;
			children = (
				0A8DAEBE6133FDC643859B14 /* Pods-MagicalRecordDemo.debug.xcconfig */,
				5A84E7ACCE0A5022874F42D2 /* Pods-MagicalRecordDemo.release.xcconfig */,
				D87B0B3E9EE10ACA9331D3EE /* Pods-MagicalRecordDemo-MagicalRecordDemoUITests.debug.xcconfig */,
				897F78F0D6F0A5EF6847A14B /* Pods-MagicalRecordDemo-MagicalRecordDemoUITests.release.xcconfig */,
				14E650B9AE989511A25DB408 /* Pods-MagicalRecordDemoTests.debug.xcconfig */,
				3D7A6A543E1B70A0E8FE68B4 /* Pods-MagicalRecordDemoTests.release.xcconfig */,
			);
			path = Pods;
			sourceTree = "<group>";
		};
/* End PBXGroup section */

/* Begin PBXNativeTarget section */
		B0F7095525F9BFE700E10AE0 /* MagicalRecordDemo */ = {
			isa = PBXNativeTarget;
			buildConfigurationList = B0F7098025F9BFEB00E10AE0 /* Build configuration list for PBXNativeTarget "MagicalRecordDemo" */;
			buildPhases = (
				D84B764508F275E49F350D38 /* [CP] Check Pods Manifest.lock */,
				B0F7095225F9BFE700E10AE0 /* Sources */,
				B0F7095325F9BFE700E10AE0 /* Frameworks */,
				B0F7095425F9BFE700E10AE0 /* Resources */,
				EB80C09AEA79DC3E04C71146 /* [CP] Embed Pods Frameworks */,
			);
			buildRules = (
			);
			dependencies = (
			);
			name = MagicalRecordDemo;
			productName = MagicalRecordDemo;
			productReference = B0F7095625F9BFE700E10AE0 /* MagicalRecordDemo.app */;
			productType = "com.apple.product-type.application";
		};
		B0F7096B25F9BFEB00E10AE0 /* MagicalRecordDemoTests */ = {
			isa = PBXNativeTarget;
			buildConfigurationList = B0F7098325F9BFEB00E10AE0 /* Build configuration list for PBXNativeTarget "MagicalRecordDemoTests" */;
			buildPhases = (
				8D2F19E7CC302BC0C7CF92C2 /* [CP] Check Pods Manifest.lock */,
				B0F7096825F9BFEB00E10AE0 /* Sources */,
				B0F7096925F9BFEB00E10AE0 /* Frameworks */,
				B0F7096A25F9BFEB00E10AE0 /* Resources */,
			);
			buildRules = (
			);
			dependencies = (
				B0F7096E25F9BFEB00E10AE0 /* PBXTargetDependency */,
			);
			name = MagicalRecordDemoTests;
			productName = MagicalRecordDemoTests;
			productReference = B0F7096C25F9BFEB00E10AE0 /* MagicalRecordDemoTests.xctest */;
			productType = "com.apple.product-type.bundle.unit-test";
		};
		B0F7097625F9BFEB00E10AE0 /* MagicalRecordDemoUITests */ = {
			isa = PBXNativeTarget;
			buildConfigurationList = B0F7098625F9BFEB00E10AE0 /* Build configuration list for PBXNativeTarget "MagicalRecordDemoUITests" */;
			buildPhases = (
				602B872500ECB1145D76376D /* [CP] Check Pods Manifest.lock */,
				B0F7097325F9BFEB00E10AE0 /* Sources */,
				B0F7097425F9BFEB00E10AE0 /* Frameworks */,
				B0F7097525F9BFEB00E10AE0 /* Resources */,
				F7F1DFC0EC7A90B141B41404 /* [CP] Embed Pods Frameworks */,
			);
			buildRules = (
			);
			dependencies = (
				B0F7097925F9BFEB00E10AE0 /* PBXTargetDependency */,
			);
			name = MagicalRecordDemoUITests;
			productName = MagicalRecordDemoUITests;
			productReference = B0F7097725F9BFEB00E10AE0 /* MagicalRecordDemoUITests.xctest */;
			productType = "com.apple.product-type.bundle.ui-testing";
		};
/* End PBXNativeTarget section */

/* Begin PBXProject section */
		B0F7094E25F9BFE700E10AE0 /* Project object */ = {
			isa = PBXProject;
			attributes = {
				LastSwiftUpdateCheck = 1240;
				LastUpgradeCheck = 1240;
				TargetAttributes = {
					B0F7095525F9BFE700E10AE0 = {
						CreatedOnToolsVersion = 12.4;
						LastSwiftMigration = 1240;
					};
					B0F7096B25F9BFEB00E10AE0 = {
						CreatedOnToolsVersion = 12.4;
						TestTargetID = B0F7095525F9BFE700E10AE0;
					};
					B0F7097625F9BFEB00E10AE0 = {
						CreatedOnToolsVersion = 12.4;
						TestTargetID = B0F7095525F9BFE700E10AE0;
					};
				};
			};
			buildConfigurationList = B0F7095125F9BFE700E10AE0 /* Build configuration list for PBXProject "MagicalRecordDemo" */;
			compatibilityVersion = "Xcode 9.3";
			developmentRegion = en;
			hasScannedForEncodings = 0;
			knownRegions = (
				en,
				Base,
			);
			mainGroup = B0F7094D25F9BFE700E10AE0;
			productRefGroup = B0F7095725F9BFE700E10AE0 /* Products */;
			projectDirPath = "";
			projectRoot = "";
			targets = (
				B0F7095525F9BFE700E10AE0 /* MagicalRecordDemo */,
				B0F7096B25F9BFEB00E10AE0 /* MagicalRecordDemoTests */,
				B0F7097625F9BFEB00E10AE0 /* MagicalRecordDemoUITests */,
			);
		};
/* End PBXProject section */

/* Begin PBXResourcesBuildPhase section */
		B0F7095425F9BFE700E10AE0 /* Resources */ = {
			isa = PBXResourcesBuildPhase;
			buildActionMask = 2147483647;
			files = (
				B0F7096625F9BFEA00E10AE0 /* LaunchScreen.storyboard in Resources */,
				B0F7096325F9BFEA00E10AE0 /* Assets.xcassets in Resources */,
				B0F7096125F9BFE700E10AE0 /* Main.storyboard in Resources */,
			);
			runOnlyForDeploymentPostprocessing = 0;
		};
		B0F7096A25F9BFEB00E10AE0 /* Resources */ = {
			isa = PBXResourcesBuildPhase;
			buildActionMask = 2147483647;
			files = (
			);
			runOnlyForDeploymentPostprocessing = 0;
		};
		B0F7097525F9BFEB00E10AE0 /* Resources */ = {
			isa = PBXResourcesBuildPhase;
			buildActionMask = 2147483647;
			files = (
			);
			runOnlyForDeploymentPostprocessing = 0;
		};
/* End PBXResourcesBuildPhase section */

/* Begin PBXShellScriptBuildPhase section */
		602B872500ECB1145D76376D /* [CP] Check Pods Manifest.lock */ = {
			isa = PBXShellScriptBuildPhase;
			buildActionMask = 2147483647;
			files = (
			);
			inputFileListPaths = (
			);
			inputPaths = (
				"${PODS_PODFILE_DIR_PATH}/Podfile.lock",
				"${PODS_ROOT}/Manifest.lock",
			);
			name = "[CP] Check Pods Manifest.lock";
			outputFileListPaths = (
			);
			outputPaths = (
				"$(DERIVED_FILE_DIR)/Pods-MagicalRecordDemo-MagicalRecordDemoUITests-checkManifestLockResult.txt",
			);
			runOnlyForDeploymentPostprocessing = 0;
			shellPath = /bin/sh;
			shellScript = "diff \"${PODS_PODFILE_DIR_PATH}/Podfile.lock\" \"${PODS_ROOT}/Manifest.lock\" > /dev/null\nif [ $? != 0 ] ; then\n    # print error to STDERR\n    echo \"error: The sandbox is not in sync with the Podfile.lock. Run 'pod install' or update your CocoaPods installation.\" >&2\n    exit 1\nfi\n# This output is used by Xcode 'outputs' to avoid re-running this script phase.\necho \"SUCCESS\" > \"${SCRIPT_OUTPUT_FILE_0}\"\n";
			showEnvVarsInLog = 0;
		};
		8D2F19E7CC302BC0C7CF92C2 /* [CP] Check Pods Manifest.lock */ = {
			isa = PBXShellScriptBuildPhase;
			buildActionMask = 2147483647;
			files = (
			);
			inputFileListPaths = (
			);
			inputPaths = (
				"${PODS_PODFILE_DIR_PATH}/Podfile.lock",
				"${PODS_ROOT}/Manifest.lock",
			);
			name = "[CP] Check Pods Manifest.lock";
			outputFileListPaths = (
			);
			outputPaths = (
				"$(DERIVED_FILE_DIR)/Pods-MagicalRecordDemoTests-checkManifestLockResult.txt",
			);
			runOnlyForDeploymentPostprocessing = 0;
			shellPath = /bin/sh;
			shellScript = "diff \"${PODS_PODFILE_DIR_PATH}/Podfile.lock\" \"${PODS_ROOT}/Manifest.lock\" > /dev/null\nif [ $? != 0 ] ; then\n    # print error to STDERR\n    echo \"error: The sandbox is not in sync with the Podfile.lock. Run 'pod install' or update your CocoaPods installation.\" >&2\n    exit 1\nfi\n# This output is used by Xcode 'outputs' to avoid re-running this script phase.\necho \"SUCCESS\" > \"${SCRIPT_OUTPUT_FILE_0}\"\n";
			showEnvVarsInLog = 0;
		};
		D84B764508F275E49F350D38 /* [CP] Check Pods Manifest.lock */ = {
			isa = PBXShellScriptBuildPhase;
			buildActionMask = 2147483647;
			files = (
			);
			inputFileListPaths = (
			);
			inputPaths = (
				"${PODS_PODFILE_DIR_PATH}/Podfile.lock",
				"${PODS_ROOT}/Manifest.lock",
			);
			name = "[CP] Check Pods Manifest.lock";
			outputFileListPaths = (
			);
			outputPaths = (
				"$(DERIVED_FILE_DIR)/Pods-MagicalRecordDemo-checkManifestLockResult.txt",
			);
			runOnlyForDeploymentPostprocessing = 0;
			shellPath = /bin/sh;
			shellScript = "diff \"${PODS_PODFILE_DIR_PATH}/Podfile.lock\" \"${PODS_ROOT}/Manifest.lock\" > /dev/null\nif [ $? != 0 ] ; then\n    # print error to STDERR\n    echo \"error: The sandbox is not in sync with the Podfile.lock. Run 'pod install' or update your CocoaPods installation.\" >&2\n    exit 1\nfi\n# This output is used by Xcode 'outputs' to avoid re-running this script phase.\necho \"SUCCESS\" > \"${SCRIPT_OUTPUT_FILE_0}\"\n";
			showEnvVarsInLog = 0;
		};
		EB80C09AEA79DC3E04C71146 /* [CP] Embed Pods Frameworks */ = {
			isa = PBXShellScriptBuildPhase;
			buildActionMask = 2147483647;
			files = (
			);
			inputFileListPaths = (
				"${PODS_ROOT}/Target Support Files/Pods-MagicalRecordDemo/Pods-MagicalRecordDemo-frameworks-${CONFIGURATION}-input-files.xcfilelist",
			);
			name = "[CP] Embed Pods Frameworks";
			outputFileListPaths = (
				"${PODS_ROOT}/Target Support Files/Pods-MagicalRecordDemo/Pods-MagicalRecordDemo-frameworks-${CONFIGURATION}-output-files.xcfilelist",
			);
			runOnlyForDeploymentPostprocessing = 0;
			shellPath = /bin/sh;
			shellScript = "\"${PODS_ROOT}/Target Support Files/Pods-MagicalRecordDemo/Pods-MagicalRecordDemo-frameworks.sh\"\n";
			showEnvVarsInLog = 0;
		};
		F7F1DFC0EC7A90B141B41404 /* [CP] Embed Pods Frameworks */ = {
			isa = PBXShellScriptBuildPhase;
			buildActionMask = 2147483647;
			files = (
			);
			inputFileListPaths = (
				"${PODS_ROOT}/Target Support Files/Pods-MagicalRecordDemo-MagicalRecordDemoUITests/Pods-MagicalRecordDemo-MagicalRecordDemoUITests-frameworks-${CONFIGURATION}-input-files.xcfilelist",
			);
			name = "[CP] Embed Pods Frameworks";
			outputFileListPaths = (
				"${PODS_ROOT}/Target Support Files/Pods-MagicalRecordDemo-MagicalRecordDemoUITests/Pods-MagicalRecordDemo-MagicalRecordDemoUITests-frameworks-${CONFIGURATION}-output-files.xcfilelist",
			);
			runOnlyForDeploymentPostprocessing = 0;
			shellPath = /bin/sh;
			shellScript = "\"${PODS_ROOT}/Target Support Files/Pods-MagicalRecordDemo-MagicalRecordDemoUITests/Pods-MagicalRecordDemo-MagicalRecordDemoUITests-frameworks.sh\"\n";
			showEnvVarsInLog = 0;
		};
/* End PBXShellScriptBuildPhase section */

/* Begin PBXSourcesBuildPhase section */
		B0F7095225F9BFE700E10AE0 /* Sources */ = {
			isa = PBXSourcesBuildPhase;
			buildActionMask = 2147483647;
			files = (
				B05C776125FB1DCD00587FC3 /* BaseViewController.swift in Sources */,
				B0F7095A25F9BFE700E10AE0 /* AppDelegate.swift in Sources */,
				B05C794E25FB6B8600587FC3 /* User.swift in Sources */,
				B05C794125FB63FC00587FC3 /* DBHelper.swift in Sources */,
				B0F7095C25F9BFE700E10AE0 /* SceneDelegate.swift in Sources */,
				B05C77B725FB3A3700587FC3 /* MainViewController.swift in Sources */,
			);
			runOnlyForDeploymentPostprocessing = 0;
		};
		B0F7096825F9BFEB00E10AE0 /* Sources */ = {
			isa = PBXSourcesBuildPhase;
			buildActionMask = 2147483647;
			files = (
				B0F7097125F9BFEB00E10AE0 /* MagicalRecordDemoTests.swift in Sources */,
			);
			runOnlyForDeploymentPostprocessing = 0;
		};
		B0F7097325F9BFEB00E10AE0 /* Sources */ = {
			isa = PBXSourcesBuildPhase;
			buildActionMask = 2147483647;
			files = (
				B0F7097C25F9BFEB00E10AE0 /* MagicalRecordDemoUITests.swift in Sources */,
			);
			runOnlyForDeploymentPostprocessing = 0;
		};
/* End PBXSourcesBuildPhase section */

/* Begin PBXTargetDependency section */
		B0F7096E25F9BFEB00E10AE0 /* PBXTargetDependency */ = {
			isa = PBXTargetDependency;
			target = B0F7095525F9BFE700E10AE0 /* MagicalRecordDemo */;
			targetProxy = B0F7096D25F9BFEB00E10AE0 /* PBXContainerItemProxy */;
		};
		B0F7097925F9BFEB00E10AE0 /* PBXTargetDependency */ = {
			isa = PBXTargetDependency;
			target = B0F7095525F9BFE700E10AE0 /* MagicalRecordDemo */;
			targetProxy = B0F7097825F9BFEB00E10AE0 /* PBXContainerItemProxy */;
		};
/* End PBXTargetDependency section */

/* Begin PBXVariantGroup section */
		B0F7095F25F9BFE700E10AE0 /* Main.storyboard */ = {
			isa = PBXVariantGroup;
			children = (
				B0F7096025F9BFE700E10AE0 /* Base */,
			);
			name = Main.storyboard;
			sourceTree = "<group>";
		};
		B0F7096425F9BFEA00E10AE0 /* LaunchScreen.storyboard */ = {
			isa = PBXVariantGroup;
			children = (
				B0F7096525F9BFEA00E10AE0 /* Base */,
			);
			name = LaunchScreen.storyboard;
			sourceTree = "<group>";
		};
/* End PBXVariantGroup section */

/* Begin XCBuildConfiguration section */
		B0F7097E25F9BFEB00E10AE0 /* Debug */ = {
			isa = XCBuildConfiguration;
			buildSettings = {
				ALWAYS_SEARCH_USER_PATHS = NO;
				CLANG_ANALYZER_NONNULL = YES;
				CLANG_ANALYZER_NUMBER_OBJECT_CONVERSION = YES_AGGRESSIVE;
				CLANG_CXX_LANGUAGE_STANDARD = "gnu++14";
				CLANG_CXX_LIBRARY = "libc++";
				CLANG_ENABLE_MODULES = YES;
				CLANG_ENABLE_OBJC_ARC = YES;
				CLANG_ENABLE_OBJC_WEAK = YES;
				CLANG_WARN_BLOCK_CAPTURE_AUTORELEASING = YES;
				CLANG_WARN_BOOL_CONVERSION = YES;
				CLANG_WARN_COMMA = YES;
				CLANG_WARN_CONSTANT_CONVERSION = YES;
				CLANG_WARN_DEPRECATED_OBJC_IMPLEMENTATIONS = YES;
				CLANG_WARN_DIRECT_OBJC_ISA_USAGE = YES_ERROR;
				CLANG_WARN_DOCUMENTATION_COMMENTS = YES;
				CLANG_WARN_EMPTY_BODY = YES;
				CLANG_WARN_ENUM_CONVERSION = YES;
				CLANG_WARN_INFINITE_RECURSION = YES;
				CLANG_WARN_INT_CONVERSION = YES;
				CLANG_WARN_NON_LITERAL_NULL_CONVERSION = YES;
				CLANG_WARN_OBJC_IMPLICIT_RETAIN_SELF = YES;
				CLANG_WARN_OBJC_LITERAL_CONVERSION = YES;
				CLANG_WARN_OBJC_ROOT_CLASS = YES_ERROR;
				CLANG_WARN_QUOTED_INCLUDE_IN_FRAMEWORK_HEADER = YES;
				CLANG_WARN_RANGE_LOOP_ANALYSIS = YES;
				CLANG_WARN_STRICT_PROTOTYPES = YES;
				CLANG_WARN_SUSPICIOUS_MOVE = YES;
				CLANG_WARN_UNGUARDED_AVAILABILITY = YES_AGGRESSIVE;
				CLANG_WARN_UNREACHABLE_CODE = YES;
				CLANG_WARN__DUPLICATE_METHOD_MATCH = YES;
				COPY_PHASE_STRIP = NO;
				DEBUG_INFORMATION_FORMAT = dwarf;
				ENABLE_STRICT_OBJC_MSGSEND = YES;
				ENABLE_TESTABILITY = YES;
				GCC_C_LANGUAGE_STANDARD = gnu11;
				GCC_DYNAMIC_NO_PIC = NO;
				GCC_NO_COMMON_BLOCKS = YES;
				GCC_OPTIMIZATION_LEVEL = 0;
				GCC_PREPROCESSOR_DEFINITIONS = (
					"DEBUG=1",
					"$(inherited)",
				);
				GCC_WARN_64_TO_32_BIT_CONVERSION = YES;
				GCC_WARN_ABOUT_RETURN_TYPE = YES_ERROR;
				GCC_WARN_UNDECLARED_SELECTOR = YES;
				GCC_WARN_UNINITIALIZED_AUTOS = YES_AGGRESSIVE;
				GCC_WARN_UNUSED_FUNCTION = YES;
				GCC_WARN_UNUSED_VARIABLE = YES;
				IPHONEOS_DEPLOYMENT_TARGET = 13.0;
				MTL_ENABLE_DEBUG_INFO = INCLUDE_SOURCE;
				MTL_FAST_MATH = YES;
				ONLY_ACTIVE_ARCH = YES;
				SDKROOT = iphoneos;
				SWIFT_ACTIVE_COMPILATION_CONDITIONS = DEBUG;
				SWIFT_OPTIMIZATION_LEVEL = "-Onone";
			};
			name = Debug;
		};
		B0F7097F25F9BFEB00E10AE0 /* Release */ = {
			isa = XCBuildConfiguration;
			buildSettings = {
				ALWAYS_SEARCH_USER_PATHS = NO;
				CLANG_ANALYZER_NONNULL = YES;
				CLANG_ANALYZER_NUMBER_OBJECT_CONVERSION = YES_AGGRESSIVE;
				CLANG_CXX_LANGUAGE_STANDARD = "gnu++14";
				CLANG_CXX_LIBRARY = "libc++";
				CLANG_ENABLE_MODULES = YES;
				CLANG_ENABLE_OBJC_ARC = YES;
				CLANG_ENABLE_OBJC_WEAK = YES;
				CLANG_WARN_BLOCK_CAPTURE_AUTORELEASING = YES;
				CLANG_WARN_BOOL_CONVERSION = YES;
				CLANG_WARN_COMMA = YES;
				CLANG_WARN_CONSTANT_CONVERSION = YES;
				CLANG_WARN_DEPRECATED_OBJC_IMPLEMENTATIONS = YES;
				CLANG_WARN_DIRECT_OBJC_ISA_USAGE = YES_ERROR;
				CLANG_WARN_DOCUMENTATION_COMMENTS = YES;
				CLANG_WARN_EMPTY_BODY = YES;
				CLANG_WARN_ENUM_CONVERSION = YES;
				CLANG_WARN_INFINITE_RECURSION = YES;
				CLANG_WARN_INT_CONVERSION = YES;
				CLANG_WARN_NON_LITERAL_NULL_CONVERSION = YES;
				CLANG_WARN_OBJC_IMPLICIT_RETAIN_SELF = YES;
				CLANG_WARN_OBJC_LITERAL_CONVERSION = YES;
				CLANG_WARN_OBJC_ROOT_CLASS = YES_ERROR;
				CLANG_WARN_QUOTED_INCLUDE_IN_FRAMEWORK_HEADER = YES;
				CLANG_WARN_RANGE_LOOP_ANALYSIS = YES;
				CLANG_WARN_STRICT_PROTOTYPES = YES;
				CLANG_WARN_SUSPICIOUS_MOVE = YES;
				CLANG_WARN_UNGUARDED_AVAILABILITY = YES_AGGRESSIVE;
				CLANG_WARN_UNREACHABLE_CODE = YES;
				CLANG_WARN__DUPLICATE_METHOD_MATCH = YES;
				COPY_PHASE_STRIP = NO;
				DEBUG_INFORMATION_FORMAT = "dwarf-with-dsym";
				ENABLE_NS_ASSERTIONS = NO;
				ENABLE_STRICT_OBJC_MSGSEND = YES;
				GCC_C_LANGUAGE_STANDARD = gnu11;
				GCC_NO_COMMON_BLOCKS = YES;
				GCC_WARN_64_TO_32_BIT_CONVERSION = YES;
				GCC_WARN_ABOUT_RETURN_TYPE = YES_ERROR;
				GCC_WARN_UNDECLARED_SELECTOR = YES;
				GCC_WARN_UNINITIALIZED_AUTOS = YES_AGGRESSIVE;
				GCC_WARN_UNUSED_FUNCTION = YES;
				GCC_WARN_UNUSED_VARIABLE = YES;
				IPHONEOS_DEPLOYMENT_TARGET = 13.0;
				MTL_ENABLE_DEBUG_INFO = NO;
				MTL_FAST_MATH = YES;
				SDKROOT = iphoneos;
				SWIFT_COMPILATION_MODE = wholemodule;
				SWIFT_OPTIMIZATION_LEVEL = "-O";
				VALIDATE_PRODUCT = YES;
			};
			name = Release;
		};
		B0F7098125F9BFEB00E10AE0 /* Debug */ = {
			isa = XCBuildConfiguration;
			baseConfigurationReference = 0A8DAEBE6133FDC643859B14 /* Pods-MagicalRecordDemo.debug.xcconfig */;
			buildSettings = {
				ASSETCATALOG_COMPILER_APPICON_NAME = AppIcon;
				ASSETCATALOG_COMPILER_GLOBAL_ACCENT_COLOR_NAME = AccentColor;
				CLANG_ENABLE_MODULES = YES;
				CODE_SIGN_STYLE = Automatic;
				DEVELOPMENT_TEAM = V749RVLY6N;
				INFOPLIST_FILE = MagicalRecordDemo/Info.plist;
				LD_RUNPATH_SEARCH_PATHS = (
					"$(inherited)",
					"@executable_path/Frameworks",
				);
				PRODUCT_BUNDLE_IDENTIFIER = com.stevenc.MagicalRecordDemo;
				PRODUCT_NAME = "$(TARGET_NAME)";
				SWIFT_OBJC_BRIDGING_HEADER = "MagicalRecordDemo/MagicalRecordDemo-Bridging-Header.h";
				SWIFT_OPTIMIZATION_LEVEL = "-Onone";
				SWIFT_VERSION = 5.0;
				TARGETED_DEVICE_FAMILY = "1,2";
			};
			name = Debug;
		};
		B0F7098225F9BFEB00E10AE0 /* Release */ = {
			isa = XCBuildConfiguration;
			baseConfigurationReference = 5A84E7ACCE0A5022874F42D2 /* Pods-MagicalRecordDemo.release.xcconfig */;
			buildSettings = {
				ASSETCATALOG_COMPILER_APPICON_NAME = AppIcon;
				ASSETCATALOG_COMPILER_GLOBAL_ACCENT_COLOR_NAME = AccentColor;
				CLANG_ENABLE_MODULES = YES;
				CODE_SIGN_STYLE = Automatic;
				DEVELOPMENT_TEAM = V749RVLY6N;
				INFOPLIST_FILE = MagicalRecordDemo/Info.plist;
				LD_RUNPATH_SEARCH_PATHS = (
					"$(inherited)",
					"@executable_path/Frameworks",
				);
				PRODUCT_BUNDLE_IDENTIFIER = com.stevenc.MagicalRecordDemo;
				PRODUCT_NAME = "$(TARGET_NAME)";
				SWIFT_OBJC_BRIDGING_HEADER = "MagicalRecordDemo/MagicalRecordDemo-Bridging-Header.h";
				SWIFT_VERSION = 5.0;
				TARGETED_DEVICE_FAMILY = "1,2";
			};
			name = Release;
		};
		B0F7098425F9BFEB00E10AE0 /* Debug */ = {
			isa = XCBuildConfiguration;
			baseConfigurationReference = 14E650B9AE989511A25DB408 /* Pods-MagicalRecordDemoTests.debug.xcconfig */;
			buildSettings = {
				ALWAYS_EMBED_SWIFT_STANDARD_LIBRARIES = YES;
				BUNDLE_LOADER = "$(TEST_HOST)";
				CODE_SIGN_STYLE = Automatic;
				DEVELOPMENT_TEAM = V749RVLY6N;
				INFOPLIST_FILE = MagicalRecordDemoTests/Info.plist;
				IPHONEOS_DEPLOYMENT_TARGET = 14.4;
				LD_RUNPATH_SEARCH_PATHS = (
					"$(inherited)",
					"@executable_path/Frameworks",
					"@loader_path/Frameworks",
				);
				PRODUCT_BUNDLE_IDENTIFIER = com.stevenc.MagicalRecordDemoTests;
				PRODUCT_NAME = "$(TARGET_NAME)";
				SWIFT_VERSION = 5.0;
				TARGETED_DEVICE_FAMILY = "1,2";
				TEST_HOST = "$(BUILT_PRODUCTS_DIR)/MagicalRecordDemo.app/MagicalRecordDemo";
			};
			name = Debug;
		};
		B0F7098525F9BFEB00E10AE0 /* Release */ = {
			isa = XCBuildConfiguration;
			baseConfigurationReference = 3D7A6A543E1B70A0E8FE68B4 /* Pods-MagicalRecordDemoTests.release.xcconfig */;
			buildSettings = {
				ALWAYS_EMBED_SWIFT_STANDARD_LIBRARIES = YES;
				BUNDLE_LOADER = "$(TEST_HOST)";
				CODE_SIGN_STYLE = Automatic;
				DEVELOPMENT_TEAM = V749RVLY6N;
				INFOPLIST_FILE = MagicalRecordDemoTests/Info.plist;
				IPHONEOS_DEPLOYMENT_TARGET = 14.4;
				LD_RUNPATH_SEARCH_PATHS = (
					"$(inherited)",
					"@executable_path/Frameworks",
					"@loader_path/Frameworks",
				);
				PRODUCT_BUNDLE_IDENTIFIER = com.stevenc.MagicalRecordDemoTests;
				PRODUCT_NAME = "$(TARGET_NAME)";
				SWIFT_VERSION = 5.0;
				TARGETED_DEVICE_FAMILY = "1,2";
				TEST_HOST = "$(BUILT_PRODUCTS_DIR)/MagicalRecordDemo.app/MagicalRecordDemo";
			};
			name = Release;
		};
		B0F7098725F9BFEB00E10AE0 /* Debug */ = {
			isa = XCBuildConfiguration;
			baseConfigurationReference = D87B0B3E9EE10ACA9331D3EE /* Pods-MagicalRecordDemo-MagicalRecordDemoUITests.debug.xcconfig */;
			buildSettings = {
				ALWAYS_EMBED_SWIFT_STANDARD_LIBRARIES = YES;
				CODE_SIGN_STYLE = Automatic;
				DEVELOPMENT_TEAM = V749RVLY6N;
				INFOPLIST_FILE = MagicalRecordDemoUITests/Info.plist;
				LD_RUNPATH_SEARCH_PATHS = (
					"$(inherited)",
					"@executable_path/Frameworks",
					"@loader_path/Frameworks",
				);
				PRODUCT_BUNDLE_IDENTIFIER = com.stevenc.MagicalRecordDemoUITests;
				PRODUCT_NAME = "$(TARGET_NAME)";
				SWIFT_VERSION = 5.0;
				TARGETED_DEVICE_FAMILY = "1,2";
				TEST_TARGET_NAME = MagicalRecordDemo;
			};
			name = Debug;
		};
		B0F7098825F9BFEB00E10AE0 /* Release */ = {
			isa = XCBuildConfiguration;
			baseConfigurationReference = 897F78F0D6F0A5EF6847A14B /* Pods-MagicalRecordDemo-MagicalRecordDemoUITests.release.xcconfig */;
			buildSettings = {
				ALWAYS_EMBED_SWIFT_STANDARD_LIBRARIES = YES;
				CODE_SIGN_STYLE = Automatic;
				DEVELOPMENT_TEAM = V749RVLY6N;
				INFOPLIST_FILE = MagicalRecordDemoUITests/Info.plist;
				LD_RUNPATH_SEARCH_PATHS = (
					"$(inherited)",
					"@executable_path/Frameworks",
					"@loader_path/Frameworks",
				);
				PRODUCT_BUNDLE_IDENTIFIER = com.stevenc.MagicalRecordDemoUITests;
				PRODUCT_NAME = "$(TARGET_NAME)";
				SWIFT_VERSION = 5.0;
				TARGETED_DEVICE_FAMILY = "1,2";
				TEST_TARGET_NAME = MagicalRecordDemo;
			};
			name = Release;
		};
/* End XCBuildConfiguration section */

/* Begin XCConfigurationList section */
		B0F7095125F9BFE700E10AE0 /* Build configuration list for PBXProject "MagicalRecordDemo" */ = {
			isa = XCConfigurationList;
			buildConfigurations = (
				B0F7097E25F9BFEB00E10AE0 /* Debug */,
				B0F7097F25F9BFEB00E10AE0 /* Release */,
			);
			defaultConfigurationIsVisible = 0;
			defaultConfigurationName = Release;
		};
		B0F7098025F9BFEB00E10AE0 /* Build configuration list for PBXNativeTarget "MagicalRecordDemo" */ = {
			isa = XCConfigurationList;
			buildConfigurations = (
				B0F7098125F9BFEB00E10AE0 /* Debug */,
				B0F7098225F9BFEB00E10AE0 /* Release */,
			);
			defaultConfigurationIsVisible = 0;
			defaultConfigurationName = Release;
		};
		B0F7098325F9BFEB00E10AE0 /* Build configuration list for PBXNativeTarget "MagicalRecordDemoTests" */ = {
			isa = XCConfigurationList;
			buildConfigurations = (
				B0F7098425F9BFEB00E10AE0 /* Debug */,
				B0F7098525F9BFEB00E10AE0 /* Release */,
			);
			defaultConfigurationIsVisible = 0;
			defaultConfigurationName = Release;
		};
		B0F7098625F9BFEB00E10AE0 /* Build configuration list for PBXNativeTarget "MagicalRecordDemoUITests" */ = {
			isa = XCConfigurationList;
			buildConfigurations = (
				B0F7098725F9BFEB00E10AE0 /* Debug */,
				B0F7098825F9BFEB00E10AE0 /* Release */,
			);
			defaultConfigurationIsVisible = 0;
			defaultConfigurationName = Release;
		};
/* End XCConfigurationList section */
	};
	rootObject = B0F7094E25F9BFE700E10AE0 /* Project object */;
}
