PODS:
  - Alamofire (5.4.1)
  - MagicalRecord (2.4.0):
    - MagicalRecord/Core (= 2.4.0)
  - MagicalRecord/Core (2.4.0)
  - SCiOSToolbox (0.0.1)
  - SnapKit (5.0.1)

DEPENDENCIES:
  - Alamofire (~> 5.4.1)
  - MagicalRecord (from `https://github.com/magicalpanda/MagicalRecord`)
  - SCiOSToolbox (from `https://github.com/stevenchou1130/SCiOSToolbox.git`)
  - SnapKit (~> 5.0.1)

SPEC REPOS:
  trunk:
    - Alamofire
    - SnapKit

EXTERNAL SOURCES:
  MagicalRecord:
    :git: https://github.com/magicalpanda/MagicalRecord
  SCiOSToolbox:
    :git: https://github.com/stevenchou1130/SCiOSToolbox.git

CHECKOUT OPTIONS:
  MagicalRecord:
    :commit: 6031f608b79c1d6802007aaed6efd100e11f59ba
    :git: https://github.com/magicalpanda/MagicalRecord
  SCiOSToolbox:
    :commit: 9135615d23a8e588bbd10e0467c1000f1040bddb
    :git: https://github.com/stevenchou1130/SCiOSToolbox.git

SPEC CHECKSUMS:
  Alamofire: 2291f7d21ca607c491dd17642e5d40fdcda0e65c
  MagicalRecord: 1f22a766156474d9f46a9b1e1ce59ca9e37830fc
  SCiOSToolbox: cedb66ee6a04500b8e1a145333ef9e9054bf25e6
  SnapKit: 97b92857e3df3a0c71833cce143274bf6ef8e5eb

PODFILE CHECKSUM: 456e999ccf6b49bfd5de0507e28877a4fea10bc5

COCOAPODS: 1.10.1
